{
  "name": "wp-bookings-front-ui",
  "version": "0.1.0",
  "lockfileVersion": 1,
  "requires": true,
  "dependencies": {
    "axios": {
      "version": "0.16.2",
      "resolved": "https://registry.npmjs.org/axios/-/axios-0.16.2.tgz",
      "integrity": "sha1-uk+S8XFn37q0CYN4VFS5rBScPG0=",
      "dev": true,
      "requires": {
        "follow-redirects": "1.4.1",
        "is-buffer": "1.1.6"
      }
    },
    "axios-mock-adapter": {
      "version": "1.14.1",
      "resolved": "https://registry.npmjs.org/axios-mock-adapter/-/axios-mock-adapter-1.14.1.tgz",
      "integrity": "sha1-yODuETSVUmdTjVZteuBoviBGcVg=",
      "dev": true,
      "requires": {
        "deep-equal": "1.0.1"
      }
    },
    "bookings-client": {
      "version": "git+https://RomeroW:2RQsDv2s7afGrYX4zs8E@bitbucket.org/rebelcode/bookings-client.git#2ab8740bcb5a1412a00f27ff469afb1d16c71991",
      "dev": true,
      "requires": {
        "axios": "0.16.2",
        "axios-mock-adapter": "1.14.1",
        "bottlejs": "1.7.0",
        "lodash": "4.17.5",
        "mingo": "2.2.0",
        "moment": "2.22.0",
        "moment-range": "3.1.1",
        "sprintf-js": "1.1.1",
        "uglify-es": "git+https://github.com/mishoo/UglifyJS2.git#569757d14dbbe04f66af65d7bf0600b3a75efd96",
        "vue": "2.5.16",
        "vue-deepset": "0.5.4",
        "vue-form-wizard": "0.8.4",
        "vue-multiselect": "2.1.0",
        "vuejs-datepicker": "0.9.29",
        "vuex": "2.5.0"
      }
    },
    "bottlejs": {
      "version": "1.7.0",
      "resolved": "https://registry.npmjs.org/bottlejs/-/bottlejs-1.7.0.tgz",
      "integrity": "sha512-rXas3Se9AG9UloByIBBQBqvq8MabexQMPVW0b9M5+wkyH4ryBqoK50hECxS5BKqLJkm3zRVxHcbJ6iFy7aP2Pw==",
      "dev": true
    },
    "commander": {
      "version": "2.14.1",
      "resolved": "https://registry.npmjs.org/commander/-/commander-2.14.1.tgz",
      "integrity": "sha512-+YR16o3rK53SmWHU3rEM3tPAh2rwb1yPcQX5irVn7mb0gXbwuCCrnkbV5+PBfETdfg1vui07nM6PCG1zndcjQw==",
      "dev": true
    },
    "d": {
      "version": "1.0.0",
      "resolved": "https://registry.npmjs.org/d/-/d-1.0.0.tgz",
      "integrity": "sha1-dUu1v+VUUdpppYuU1F9MWwRi1Y8=",
      "dev": true,
      "requires": {
        "es5-ext": "0.10.42"
      }
    },
    "debug": {
      "version": "3.1.0",
      "resolved": "https://registry.npmjs.org/debug/-/debug-3.1.0.tgz",
      "integrity": "sha512-OX8XqP7/1a9cqkxYw2yXss15f26NKWBpDXQd0/uK/KPqdQhxbPa994hnzjcE2VqQpDslf55723cKPUOGSmMY3g==",
      "dev": true,
      "requires": {
        "ms": "2.0.0"
      }
    },
    "deep-equal": {
      "version": "1.0.1",
      "resolved": "https://registry.npmjs.org/deep-equal/-/deep-equal-1.0.1.tgz",
      "integrity": "sha1-9dJgKStmDghO/0zbyfCK0yR0SLU=",
      "dev": true
    },
    "es5-ext": {
      "version": "0.10.42",
      "resolved": "https://registry.npmjs.org/es5-ext/-/es5-ext-0.10.42.tgz",
      "integrity": "sha512-AJxO1rmPe1bDEfSR6TJ/FgMFYuTBhR5R57KW58iCkYACMyFbrkqVyzXSurYoScDGvgyMpk7uRF/lPUPPTmsRSA==",
      "dev": true,
      "requires": {
        "es6-iterator": "2.0.3",
        "es6-symbol": "3.1.1",
        "next-tick": "1.0.0"
      }
    },
    "es6-iterator": {
      "version": "2.0.3",
      "resolved": "https://registry.npmjs.org/es6-iterator/-/es6-iterator-2.0.3.tgz",
      "integrity": "sha1-p96IkUGgWpSwhUQDstCg+/qY87c=",
      "dev": true,
      "requires": {
        "d": "1.0.0",
        "es5-ext": "0.10.42",
        "es6-symbol": "3.1.1"
      }
    },
    "es6-symbol": {
      "version": "3.1.1",
      "resolved": "https://registry.npmjs.org/es6-symbol/-/es6-symbol-3.1.1.tgz",
      "integrity": "sha1-vwDvT9q2uhtG7Le2KbTH7VcVzHc=",
      "dev": true,
      "requires": {
        "d": "1.0.0",
        "es5-ext": "0.10.42"
      }
    },
    "follow-redirects": {
      "version": "1.4.1",
      "resolved": "https://registry.npmjs.org/follow-redirects/-/follow-redirects-1.4.1.tgz",
      "integrity": "sha512-uxYePVPogtya1ktGnAAXOacnbIuRMB4dkvqeNz2qTtTQsuzSfbDolV+wMMKxAmCx0bLgAKLbBOkjItMbbkR1vg==",
      "dev": true,
      "requires": {
        "debug": "3.1.0"
      }
    },
    "is-buffer": {
      "version": "1.1.6",
      "resolved": "https://registry.npmjs.org/is-buffer/-/is-buffer-1.1.6.tgz",
      "integrity": "sha512-NcdALwpXkTm5Zvvbk7owOUSvVvBKDgKP5/ewfXEznmQFfs4ZRmanOeKBTjRVjka3QFoN6XJ+9F3USqfHqTaU5w==",
      "dev": true
    },
    "lodash": {
      "version": "4.17.5",
      "resolved": "https://registry.npmjs.org/lodash/-/lodash-4.17.5.tgz",
      "integrity": "sha512-svL3uiZf1RwhH+cWrfZn3A4+U58wbP0tGVTLQPbjplZxZ8ROD9VLuNgsRniTlLe7OlSqR79RUehXgpBW/s0IQw==",
      "dev": true
    },
    "mingo": {
      "version": "2.2.0",
      "resolved": "https://registry.npmjs.org/mingo/-/mingo-2.2.0.tgz",
      "integrity": "sha1-5+fCCbedHoKl9BxfeJp1Zr3qmj8=",
      "dev": true
    },
    "moment": {
      "version": "2.22.0",
      "resolved": "https://registry.npmjs.org/moment/-/moment-2.22.0.tgz",
      "integrity": "sha512-1muXCh8jb1N/gHRbn9VDUBr0GYb8A/aVcHlII9QSB68a50spqEVLIGN6KVmCOnSvJrUhC0edGgKU5ofnGXdYdg==",
      "dev": true
    },
    "moment-range": {
      "version": "3.1.1",
      "resolved": "https://registry.npmjs.org/moment-range/-/moment-range-3.1.1.tgz",
      "integrity": "sha1-XFLPn6sp253ZvNhtN+UrBKenJxo=",
      "dev": true,
      "requires": {
        "es6-symbol": "3.1.1"
      }
    },
    "ms": {
      "version": "2.0.0",
      "resolved": "https://registry.npmjs.org/ms/-/ms-2.0.0.tgz",
      "integrity": "sha1-VgiurfwAvmwpAd9fmGF4jeDVl8g=",
      "dev": true
    },
    "next-tick": {
      "version": "1.0.0",
      "resolved": "https://registry.npmjs.org/next-tick/-/next-tick-1.0.0.tgz",
      "integrity": "sha1-yobR/ogoFpsBICCOPchCS524NCw=",
      "dev": true
    },
    "source-map": {
      "version": "0.6.1",
      "resolved": "https://registry.npmjs.org/source-map/-/source-map-0.6.1.tgz",
      "integrity": "sha512-UjgapumWlbMhkBgzT7Ykc5YXUT46F0iKu8SGXq0bcwP5dz/h0Plj6enJqjz1Zbq2l5WaqYnrVbwWOWMyF3F47g==",
      "dev": true
    },
    "sprintf-js": {
      "version": "1.1.1",
      "resolved": "https://registry.npmjs.org/sprintf-js/-/sprintf-js-1.1.1.tgz",
      "integrity": "sha1-Nr54Mgr+WAH2zqPueLblqrlA6gw=",
      "dev": true
    },
    "uglify-es": {
      "version": "git+https://github.com/mishoo/UglifyJS2.git#569757d14dbbe04f66af65d7bf0600b3a75efd96",
      "dev": true,
      "requires": {
        "commander": "2.14.1",
        "source-map": "0.6.1"
      }
    },
    "vue": {
      "version": "2.5.16",
      "resolved": "https://registry.npmjs.org/vue/-/vue-2.5.16.tgz",
      "integrity": "sha512-/ffmsiVuPC8PsWcFkZngdpas19ABm5mh2wA7iDqcltyCTwlgZjHGeJYOXkBMo422iPwIcviOtrTCUpSfXmToLQ==",
      "dev": true
    },
    "vue-deepset": {
      "version": "0.5.4",
      "resolved": "https://registry.npmjs.org/vue-deepset/-/vue-deepset-0.5.4.tgz",
      "integrity": "sha512-/aZ/qCXwqXaRVCBiOsnGLw3sdPoIEJPmvzBHc9jvWY/zi4RciVdzrnajB0acJkKOD1stl653fnkyIGJKkbjxqw==",
      "dev": true
    },
    "vue-form-wizard": {
      "version": "0.8.4",
      "resolved": "https://registry.npmjs.org/vue-form-wizard/-/vue-form-wizard-0.8.4.tgz",
      "integrity": "sha512-/Zk1+B7bz7qHFJ16mwu021lpPXWf/9Tlr2mTNG3J7M0Hdy3rgA802lWsbKYySns0B0qtsD8BYGjQ2Wyxgg+4uw==",
      "dev": true
    },
    "vue-multiselect": {
      "version": "2.1.0",
      "resolved": "https://registry.npmjs.org/vue-multiselect/-/vue-multiselect-2.1.0.tgz",
      "integrity": "sha512-mEhApxZ6MUISGLuGDy0RF5UlAKUgG/Qq0DWYE/C+CA1h6ZszM3cHfpNFfFm2AMWLclY2SAWpY1HlQLjsw8WnvQ==",
      "dev": true
    },
    "vuejs-datepicker": {
      "version": "0.9.29",
      "resolved": "https://registry.npmjs.org/vuejs-datepicker/-/vuejs-datepicker-0.9.29.tgz",
      "integrity": "sha512-9zHkUrDudf1Ej+Mkd/BtjE23R+SXU665REK30iOWmreDPXMJk8vqdhVRRHNyPYfCFaEUaDGOgZl0G83xTdwhFw==",
      "dev": true
    },
    "vuex": {
      "version": "2.5.0",
      "resolved": "https://registry.npmjs.org/vuex/-/vuex-2.5.0.tgz",
      "integrity": "sha512-5oJPOJySBgSgSzoeO+gZB/BbN/XsapgIF6tz34UwJqnGZMQurzIO3B4KIBf862gfc9ya+oduY5sSkq+5/oOilQ==",
      "dev": true
    }
  }
}
